PODS:
  - Alamofire (4.9.1)
  - AlamofireURLCache (0.4.0):
    - Alamofire (~> 4.4)

DEPENDENCIES:
  - AlamofireURLCache (from `../`)

SPEC REPOS:
  https://cdn.cocoapods.org/:
    - Alamofire

EXTERNAL SOURCES:
  AlamofireURLCache:
    :path: "../"

SPEC CHECKSUMS:
  Alamofire: 85e8a02c69d6020a0d734f6054870d7ecb75cf18
  AlamofireURLCache: 638c10c37e8113ac7e153c171d8f163a2aa79102

PODFILE CHECKSUM: 9554e1c45b340d1aa3c49f1bb1afb89499534527

COCOAPODS: 1.9.0.beta.2
