PODS:
  - Alamofire (4.9.1)
  - AlamofireURLCache (0.4.0):
    - Alamofire (~> 4.4)

DEPENDENCIES:
  - AlamofireURLCache (from `../`)

SPEC REPOS:
  https://cdn.cocoapods.org/:
    - Alamofire

EXTERNAL SOURCES:
  AlamofireURLCache:
    :path: "../"

SPEC CHECKSUMS:
  Alamofire: 85e8a02c69d6020a0d734f6054870d7ecb75cf18
  AlamofireURLCache: 638c10c37e8113ac7e153c171d8f163a2aa79102

PODFILE CHECKSUM: 18e10fdd945e10a9337cc3be04a4b9c6f0ac2c1b

COCOAPODS: 1.9.0.beta.2
