PODS:
  - Alamofire (4.9.1)
  - AlamofireURLCache (0.4.0):
    - Alamofire (~> 4.4)

DEPENDENCIES:
  - AlamofireURLCache (from `../`)

SPEC REPOS:
  https://cdn.cocoapods.org/:
    - Alamofire

EXTERNAL SOURCES:
  AlamofireURLCache:
    :path: "../"

SPEC CHECKSUMS:
  Alamofire: 85e8a02c69d6020a0d734f6054870d7ecb75cf18
  AlamofireURLCache: 95a3a5e7445255491bed8048fa155558bd565bd9

PODFILE CHECKSUM: 18e10fdd945e10a9337cc3be04a4b9c6f0ac2c1b

COCOAPODS: 1.8.4
